
Microsoft Visual Studio Solution File, Format Version 12.00
# Visual Studio Version 17
VisualStudioVersion = 17.3.32825.248
MinimumVisualStudioVersion = 10.0.40219.1
Project("{FAE04EC0-301F-11D3-BF4B-00C04F79EFBC}") = "Lab 8", "Lab 8.csproj", "{AB74AE1C-0F97-4705-9FFE-7F6198E67B33}"
EndProject
Global
	GlobalSection(SolutionConfigurationPlatforms) = preSolution
		Debug|Any CPU = Debug|Any CPU
		Release|Any CPU = Release|Any CPU
	EndGlobalSection
	GlobalSection(ProjectConfigurationPlatforms) = postSolution
		{AB74AE1C-0F97-4705-9FFE-7F6198E67B33}.Debug|Any CPU.ActiveCfg = Debug|Any CPU
		{AB74AE1C-0F97-4705-9FFE-7F6198E67B33}.Debug|Any CPU.Build.0 = Debug|Any CPU
		{AB74AE1C-0F97-4705-9FFE-7F6198E67B33}.Release|Any CPU.ActiveCfg = Release|Any CPU
		{AB74AE1C-0F97-4705-9FFE-7F6198E67B33}.Release|Any CPU.Build.0 = Release|Any CPU
	EndGlobalSection
	GlobalSection(SolutionProperties) = preSolution
		HideSolutionNode = FALSE
	EndGlobalSection
	GlobalSection(ExtensibilityGlobals) = postSolution
		SolutionGuid = {CCB2C913-F9B3-4E23-B70A-C7FE079995DA}
	EndGlobalSection
EndGlobal
